Microsoft Visual Studio Solution File, Format Version 12.00
# Visual Studio Version 17
VisualStudioVersion = 17.5.2.0
MinimumVisualStudioVersion = 10.0.40219.1
Project("{FAE04EC0-301F-11D3-BF4B-00C04F79EFBC}") = "KSPControlPanel", "KSPControlPanel.csproj", "{CD4F167B-3514-44A9-43F0-085DE50F8CFF}"
EndProject
Global
	GlobalSection(SolutionConfigurationPlatforms) = preSolution
		Debug|Any CPU = Debug|Any CPU
		Release|Any CPU = Release|Any CPU
	EndGlobalSection
	GlobalSection(ProjectConfigurationPlatforms) = postSolution
		{CD4F167B-3514-44A9-43F0-085DE50F8CFF}.Debug|Any CPU.ActiveCfg = Debug|Any CPU
		{CD4F167B-3514-44A9-43F0-085DE50F8CFF}.Debug|Any CPU.Build.0 = Debug|Any CPU
		{CD4F167B-3514-44A9-43F0-085DE50F8CFF}.Release|Any CPU.ActiveCfg = Release|Any CPU
		{CD4F167B-3514-44A9-43F0-085DE50F8CFF}.Release|Any CPU.Build.0 = Release|Any CPU
	EndGlobalSection
	GlobalSection(SolutionProperties) = preSolution
		HideSolutionNode = FALSE
	EndGlobalSection
	GlobalSection(ExtensibilityGlobals) = postSolution
		SolutionGuid = {C003C56E-62D5-48A9-8EFC-0342790EA5D9}
	EndGlobalSection
EndGlobal
